<?xml version="1.0" encoding="utf-8"?>
<Project ToolsVersion="4.0" xmlns="http://schemas.microsoft.com/developer/msbuild/2003">
  <ItemGroup>
    <Filter Include="Cedra">
      <UniqueIdentifier>{A484F40C-1099-1CBE-D91A-C01D45EE18EF}</UniqueIdentifier>
    </Filter>
  </ItemGroup>
  <ItemGroup>
    <ClInclude Include="src\Cedra.h" />
    <ClInclude Include="src\Cedra\Application.h">
      <Filter>Cedra</Filter>
    </ClInclude>
    <ClInclude Include="src\Cedra\Core.h">
      <Filter>Cedra</Filter>
    </ClInclude>
    <ClInclude Include="src\Cedra\EntryPoint.h">
      <Filter>Cedra</Filter>
    </ClInclude>
    <ClInclude Include="src\Cedra\Log.h">
      <Filter>Cedra</Filter>
    </ClInclude>
  </ItemGroup>
  <ItemGroup>
    <ClCompile Include="src\Cedra\Application.cpp">
      <Filter>Cedra</Filter>
    </ClCompile>
    <ClCompile Include="src\Cedra\Log.cpp">
      <Filter>Cedra</Filter>
    </ClCompile>
  </ItemGroup>
</Project>